// !$*UTF8*$!
{
	archiveVersion = 1;
	classes = {
	};
	objectVersion = 46;
	objects = {

/* Begin PBXBuildFile section */
		6249DECF5BF2FDCB21BBC0E9 /* Pods_BDTestsUnitTestsUITests.framework in Frameworks */ = {isa = PBXBuildFile; fileRef = D40A385F74F451C2185873C9 /* Pods_BDTestsUnitTestsUITests.framework */; };
		875052941ED3482100A04704 /* AppDelegate.swift in Sources */ = {isa = PBXBuildFile; fileRef = 875052931ED3482100A04704 /* AppDelegate.swift */; };
		875052961ED3482100A04704 /* ViewController.swift in Sources */ = {isa = PBXBuildFile; fileRef = 875052951ED3482100A04704 /* ViewController.swift */; };
		875052991ED3482100A04704 /* Main.storyboard in Resources */ = {isa = PBXBuildFile; fileRef = 875052971ED3482100A04704 /* Main.storyboard */; };
		8750529B1ED3482100A04704 /* Assets.xcassets in Resources */ = {isa = PBXBuildFile; fileRef = 8750529A1ED3482100A04704 /* Assets.xcassets */; };
		8750529E1ED3482100A04704 /* LaunchScreen.storyboard in Resources */ = {isa = PBXBuildFile; fileRef = 8750529C1ED3482100A04704 /* LaunchScreen.storyboard */; };
		875052B41ED3482100A04704 /* BDTestsUnitTestsUITests.swift in Sources */ = {isa = PBXBuildFile; fileRef = 875052B31ED3482100A04704 /* BDTestsUnitTestsUITests.swift */; };
		875052CA1ED348D800A04704 /* BDTestsTests.swift in Sources */ = {isa = PBXBuildFile; fileRef = 875052C91ED348D800A04704 /* BDTestsTests.swift */; };
		875052D51ED34CED00A04704 /* test_data.json in Resources */ = {isa = PBXBuildFile; fileRef = 875052D31ED34CED00A04704 /* test_data.json */; };
		875052D61ED34CED00A04704 /* test_local_json.json in Resources */ = {isa = PBXBuildFile; fileRef = 875052D41ED34CED00A04704 /* test_local_json.json */; };
		875052DC1ED3576700A04704 /* BDTestsEnvTests.swift in Sources */ = {isa = PBXBuildFile; fileRef = 875052DB1ED3576700A04704 /* BDTestsEnvTests.swift */; };
		875052E51ED360ED00A04704 /* .gitkeep in Resources */ = {isa = PBXBuildFile; fileRef = 875052E11ED360ED00A04704 /* .gitkeep */; };
		875052E61ED360ED00A04704 /* BDTests.swift in Sources */ = {isa = PBXBuildFile; fileRef = 875052E21ED360ED00A04704 /* BDTests.swift */; };
		875052E71ED360ED00A04704 /* BDTestsEnv.swift in Sources */ = {isa = PBXBuildFile; fileRef = 875052E31ED360ED00A04704 /* BDTestsEnv.swift */; };
		875052E81ED360ED00A04704 /* BDTestsHelper.swift in Sources */ = {isa = PBXBuildFile; fileRef = 875052E41ED360ED00A04704 /* BDTestsHelper.swift */; };
		C9A7AA36C90CABD3483B61F6 /* Pods_BDTestsUnitTests.framework in Frameworks */ = {isa = PBXBuildFile; fileRef = 1D9DE037DD7F0D0CFD98C3BE /* Pods_BDTestsUnitTests.framework */; };
		E1EFAE57E7F756FFB5113871 /* Pods_BDTestsUnitTestsTests.framework in Frameworks */ = {isa = PBXBuildFile; fileRef = 757095E08E96D66940B99A43 /* Pods_BDTestsUnitTestsTests.framework */; };
/* End PBXBuildFile section */

/* Begin PBXContainerItemProxy section */
		875052A51ED3482100A04704 /* PBXContainerItemProxy */ = {
			isa = PBXContainerItemProxy;
			containerPortal = 875052881ED3482100A04704 /* Project object */;
			proxyType = 1;
			remoteGlobalIDString = 8750528F1ED3482100A04704;
			remoteInfo = BDTestsUnitTests;
		};
		875052B01ED3482100A04704 /* PBXContainerItemProxy */ = {
			isa = PBXContainerItemProxy;
			containerPortal = 875052881ED3482100A04704 /* Project object */;
			proxyType = 1;
			remoteGlobalIDString = 8750528F1ED3482100A04704;
			remoteInfo = BDTestsUnitTests;
		};
/* End PBXContainerItemProxy section */

/* Begin PBXFileReference section */
		1D9DE037DD7F0D0CFD98C3BE /* Pods_BDTestsUnitTests.framework */ = {isa = PBXFileReference; explicitFileType = wrapper.framework; includeInIndex = 0; path = Pods_BDTestsUnitTests.framework; sourceTree = BUILT_PRODUCTS_DIR; };
		23F224DE5B0EF137414F3A08 /* Pods-BDTestsUnitTestsUITests.debug.xcconfig */ = {isa = PBXFileReference; includeInIndex = 1; lastKnownFileType = text.xcconfig; name = "Pods-BDTestsUnitTestsUITests.debug.xcconfig"; path = "Pods/Target Support Files/Pods-BDTestsUnitTestsUITests/Pods-BDTestsUnitTestsUITests.debug.xcconfig"; sourceTree = "<group>"; };
		728D0265EB100D0AF47FA432 /* Pods-BDTestsUnitTestsTests.debug.xcconfig */ = {isa = PBXFileReference; includeInIndex = 1; lastKnownFileType = text.xcconfig; name = "Pods-BDTestsUnitTestsTests.debug.xcconfig"; path = "Pods/Target Support Files/Pods-BDTestsUnitTestsTests/Pods-BDTestsUnitTestsTests.debug.xcconfig"; sourceTree = "<group>"; };
		757095E08E96D66940B99A43 /* Pods_BDTestsUnitTestsTests.framework */ = {isa = PBXFileReference; explicitFileType = wrapper.framework; includeInIndex = 0; path = Pods_BDTestsUnitTestsTests.framework; sourceTree = BUILT_PRODUCTS_DIR; };
		875052901ED3482100A04704 /* BDTestsUnitTests.app */ = {isa = PBXFileReference; explicitFileType = wrapper.application; includeInIndex = 0; path = BDTestsUnitTests.app; sourceTree = BUILT_PRODUCTS_DIR; };
		875052931ED3482100A04704 /* AppDelegate.swift */ = {isa = PBXFileReference; lastKnownFileType = sourcecode.swift; path = AppDelegate.swift; sourceTree = "<group>"; };
		875052951ED3482100A04704 /* ViewController.swift */ = {isa = PBXFileReference; lastKnownFileType = sourcecode.swift; path = ViewController.swift; sourceTree = "<group>"; };
		875052981ED3482100A04704 /* Base */ = {isa = PBXFileReference; lastKnownFileType = file.storyboard; name = Base; path = Base.lproj/Main.storyboard; sourceTree = "<group>"; };
		8750529A1ED3482100A04704 /* Assets.xcassets */ = {isa = PBXFileReference; lastKnownFileType = folder.assetcatalog; path = Assets.xcassets; sourceTree = "<group>"; };
		8750529D1ED3482100A04704 /* Base */ = {isa = PBXFileReference; lastKnownFileType = file.storyboard; name = Base; path = Base.lproj/LaunchScreen.storyboard; sourceTree = "<group>"; };
		8750529F1ED3482100A04704 /* Info.plist */ = {isa = PBXFileReference; lastKnownFileType = text.plist.xml; path = Info.plist; sourceTree = "<group>"; };
		875052A41ED3482100A04704 /* BDTestsUnitTestsTests.xctest */ = {isa = PBXFileReference; explicitFileType = wrapper.cfbundle; includeInIndex = 0; path = BDTestsUnitTestsTests.xctest; sourceTree = BUILT_PRODUCTS_DIR; };
		875052AA1ED3482100A04704 /* Info.plist */ = {isa = PBXFileReference; lastKnownFileType = text.plist.xml; path = Info.plist; sourceTree = "<group>"; };
		875052AF1ED3482100A04704 /* BDTestsUnitTestsUITests.xctest */ = {isa = PBXFileReference; explicitFileType = wrapper.cfbundle; includeInIndex = 0; path = BDTestsUnitTestsUITests.xctest; sourceTree = BUILT_PRODUCTS_DIR; };
		875052B31ED3482100A04704 /* BDTestsUnitTestsUITests.swift */ = {isa = PBXFileReference; lastKnownFileType = sourcecode.swift; path = BDTestsUnitTestsUITests.swift; sourceTree = "<group>"; };
		875052B51ED3482100A04704 /* Info.plist */ = {isa = PBXFileReference; lastKnownFileType = text.plist.xml; path = Info.plist; sourceTree = "<group>"; };
		875052C91ED348D800A04704 /* BDTestsTests.swift */ = {isa = PBXFileReference; fileEncoding = 4; lastKnownFileType = sourcecode.swift; path = BDTestsTests.swift; sourceTree = "<group>"; };
		875052CB1ED34A1C00A04704 /* BDTestsUnitTestsTests-Bridging-Header.h */ = {isa = PBXFileReference; lastKnownFileType = sourcecode.c.h; path = "BDTestsUnitTestsTests-Bridging-Header.h"; sourceTree = "<group>"; };
		875052D31ED34CED00A04704 /* test_data.json */ = {isa = PBXFileReference; fileEncoding = 4; lastKnownFileType = text.json; path = test_data.json; sourceTree = "<group>"; };
		875052D41ED34CED00A04704 /* test_local_json.json */ = {isa = PBXFileReference; fileEncoding = 4; lastKnownFileType = text.json; path = test_local_json.json; sourceTree = "<group>"; };
		875052DB1ED3576700A04704 /* BDTestsEnvTests.swift */ = {isa = PBXFileReference; fileEncoding = 4; lastKnownFileType = sourcecode.swift; path = BDTestsEnvTests.swift; sourceTree = "<group>"; };
		875052E11ED360ED00A04704 /* .gitkeep */ = {isa = PBXFileReference; fileEncoding = 4; lastKnownFileType = text; path = .gitkeep; sourceTree = "<group>"; };
		875052E21ED360ED00A04704 /* BDTests.swift */ = {isa = PBXFileReference; fileEncoding = 4; lastKnownFileType = sourcecode.swift; path = BDTests.swift; sourceTree = "<group>"; };
		875052E31ED360ED00A04704 /* BDTestsEnv.swift */ = {isa = PBXFileReference; fileEncoding = 4; lastKnownFileType = sourcecode.swift; path = BDTestsEnv.swift; sourceTree = "<group>"; };
		875052E41ED360ED00A04704 /* BDTestsHelper.swift */ = {isa = PBXFileReference; fileEncoding = 4; lastKnownFileType = sourcecode.swift; path = BDTestsHelper.swift; sourceTree = "<group>"; };
		9CFFBF0C40B823CF473B1EDA /* Pods-BDTestsUnitTestsTests.release.xcconfig */ = {isa = PBXFileReference; includeInIndex = 1; lastKnownFileType = text.xcconfig; name = "Pods-BDTestsUnitTestsTests.release.xcconfig"; path = "Pods/Target Support Files/Pods-BDTestsUnitTestsTests/Pods-BDTestsUnitTestsTests.release.xcconfig"; sourceTree = "<group>"; };
		B0A7C41D297A46B813BB1A89 /* Pods-BDTestsUnitTestsUITests.release.xcconfig */ = {isa = PBXFileReference; includeInIndex = 1; lastKnownFileType = text.xcconfig; name = "Pods-BDTestsUnitTestsUITests.release.xcconfig"; path = "Pods/Target Support Files/Pods-BDTestsUnitTestsUITests/Pods-BDTestsUnitTestsUITests.release.xcconfig"; sourceTree = "<group>"; };
		BEFB14F0E765A3E3205B17A4 /* Pods-BDTestsUnitTests.debug.xcconfig */ = {isa = PBXFileReference; includeInIndex = 1; lastKnownFileType = text.xcconfig; name = "Pods-BDTestsUnitTests.debug.xcconfig"; path = "Pods/Target Support Files/Pods-BDTestsUnitTests/Pods-BDTestsUnitTests.debug.xcconfig"; sourceTree = "<group>"; };
		D40A385F74F451C2185873C9 /* Pods_BDTestsUnitTestsUITests.framework */ = {isa = PBXFileReference; explicitFileType = wrapper.framework; includeInIndex = 0; path = Pods_BDTestsUnitTestsUITests.framework; sourceTree = BUILT_PRODUCTS_DIR; };
		EDB5F16B3B8C4AA4CB3D60FF /* Pods-BDTestsUnitTests.release.xcconfig */ = {isa = PBXFileReference; includeInIndex = 1; lastKnownFileType = text.xcconfig; name = "Pods-BDTestsUnitTests.release.xcconfig"; path = "Pods/Target Support Files/Pods-BDTestsUnitTests/Pods-BDTestsUnitTests.release.xcconfig"; sourceTree = "<group>"; };
/* End PBXFileReference section */

/* Begin PBXFrameworksBuildPhase section */
		8750528D1ED3482100A04704 /* Frameworks */ = {
			isa = PBXFrameworksBuildPhase;
			buildActionMask = 2147483647;
			files = (
				C9A7AA36C90CABD3483B61F6 /* Pods_BDTestsUnitTests.framework in Frameworks */,
			);
			runOnlyForDeploymentPostprocessing = 0;
		};
		875052A11ED3482100A04704 /* Frameworks */ = {
			isa = PBXFrameworksBuildPhase;
			buildActionMask = 2147483647;
			files = (
				E1EFAE57E7F756FFB5113871 /* Pods_BDTestsUnitTestsTests.framework in Frameworks */,
			);
			runOnlyForDeploymentPostprocessing = 0;
		};
		875052AC1ED3482100A04704 /* Frameworks */ = {
			isa = PBXFrameworksBuildPhase;
			buildActionMask = 2147483647;
			files = (
				6249DECF5BF2FDCB21BBC0E9 /* Pods_BDTestsUnitTestsUITests.framework in Frameworks */,
			);
			runOnlyForDeploymentPostprocessing = 0;
		};
/* End PBXFrameworksBuildPhase section */

/* Begin PBXGroup section */
		0B92FEFB0189F475A339FA4F /* Frameworks */ = {
			isa = PBXGroup;
			children = (
				1D9DE037DD7F0D0CFD98C3BE /* Pods_BDTestsUnitTests.framework */,
				757095E08E96D66940B99A43 /* Pods_BDTestsUnitTestsTests.framework */,
				D40A385F74F451C2185873C9 /* Pods_BDTestsUnitTestsUITests.framework */,
			);
			name = Frameworks;
			sourceTree = "<group>";
		};
		875052871ED3482100A04704 = {
			isa = PBXGroup;
			children = (
				875052E01ED360ED00A04704 /* Classes */,
				875052D31ED34CED00A04704 /* test_data.json */,
				875052D41ED34CED00A04704 /* test_local_json.json */,
				875052921ED3482100A04704 /* BDTestsUnitTests */,
				875052A71ED3482100A04704 /* BDTestsUnitTestsTests */,
				875052B21ED3482100A04704 /* BDTestsUnitTestsUITests */,
				875052911ED3482100A04704 /* Products */,
				D77F222CA7B8F10374EF31AC /* Pods */,
				0B92FEFB0189F475A339FA4F /* Frameworks */,
			);
			sourceTree = "<group>";
		};
		875052911ED3482100A04704 /* Products */ = {
			isa = PBXGroup;
			children = (
				875052901ED3482100A04704 /* BDTestsUnitTests.app */,
				875052A41ED3482100A04704 /* BDTestsUnitTestsTests.xctest */,
				875052AF1ED3482100A04704 /* BDTestsUnitTestsUITests.xctest */,
			);
			name = Products;
			sourceTree = "<group>";
		};
		875052921ED3482100A04704 /* BDTestsUnitTests */ = {
			isa = PBXGroup;
			children = (
				875052931ED3482100A04704 /* AppDelegate.swift */,
				875052951ED3482100A04704 /* ViewController.swift */,
				875052971ED3482100A04704 /* Main.storyboard */,
				8750529A1ED3482100A04704 /* Assets.xcassets */,
				8750529C1ED3482100A04704 /* LaunchScreen.storyboard */,
				8750529F1ED3482100A04704 /* Info.plist */,
			);
			path = BDTestsUnitTests;
			sourceTree = "<group>";
		};
		875052A71ED3482100A04704 /* BDTestsUnitTestsTests */ = {
			isa = PBXGroup;
			children = (
				875052CB1ED34A1C00A04704 /* BDTestsUnitTestsTests-Bridging-Header.h */,
				875052C91ED348D800A04704 /* BDTestsTests.swift */,
				875052AA1ED3482100A04704 /* Info.plist */,
				875052DB1ED3576700A04704 /* BDTestsEnvTests.swift */,
			);
			path = BDTestsUnitTestsTests;
			sourceTree = "<group>";
		};
		875052B21ED3482100A04704 /* BDTestsUnitTestsUITests */ = {
			isa = PBXGroup;
			children = (
				875052B31ED3482100A04704 /* BDTestsUnitTestsUITests.swift */,
				875052B51ED3482100A04704 /* Info.plist */,
			);
			path = BDTestsUnitTestsUITests;
			sourceTree = "<group>";
		};
		875052E01ED360ED00A04704 /* Classes */ = {
			isa = PBXGroup;
			children = (
				875052E11ED360ED00A04704 /* .gitkeep */,
				875052E21ED360ED00A04704 /* BDTests.swift */,
				875052E31ED360ED00A04704 /* BDTestsEnv.swift */,
				875052E41ED360ED00A04704 /* BDTestsHelper.swift */,
			);
			name = Classes;
			path = ../../BDTests/Classes;
			sourceTree = "<group>";
		};
		D77F222CA7B8F10374EF31AC /* Pods */ = {
			isa = PBXGroup;
			children = (
				BEFB14F0E765A3E3205B17A4 /* Pods-BDTestsUnitTests.debug.xcconfig */,
				EDB5F16B3B8C4AA4CB3D60FF /* Pods-BDTestsUnitTests.release.xcconfig */,
				728D0265EB100D0AF47FA432 /* Pods-BDTestsUnitTestsTests.debug.xcconfig */,
				9CFFBF0C40B823CF473B1EDA /* Pods-BDTestsUnitTestsTests.release.xcconfig */,
				23F224DE5B0EF137414F3A08 /* Pods-BDTestsUnitTestsUITests.debug.xcconfig */,
				B0A7C41D297A46B813BB1A89 /* Pods-BDTestsUnitTestsUITests.release.xcconfig */,
			);
			name = Pods;
			sourceTree = "<group>";
		};
/* End PBXGroup section */

/* Begin PBXNativeTarget section */
		8750528F1ED3482100A04704 /* BDTestsUnitTests */ = {
			isa = PBXNativeTarget;
			buildConfigurationList = 875052B81ED3482100A04704 /* Build configuration list for PBXNativeTarget "BDTestsUnitTests" */;
			buildPhases = (
				9B697917470D0D389AC8CC3A /* [CP] Check Pods Manifest.lock */,
				8750528C1ED3482100A04704 /* Sources */,
				8750528D1ED3482100A04704 /* Frameworks */,
				8750528E1ED3482100A04704 /* Resources */,
				70BD2800DD64DDD41510391C /* [CP] Embed Pods Frameworks */,
				B171C599A0D8109711FC8F62 /* [CP] Copy Pods Resources */,
			);
			buildRules = (
			);
			dependencies = (
			);
			name = BDTestsUnitTests;
			productName = BDTestsUnitTests;
			productReference = 875052901ED3482100A04704 /* BDTestsUnitTests.app */;
			productType = "com.apple.product-type.application";
		};
		875052A31ED3482100A04704 /* BDTestsUnitTestsTests */ = {
			isa = PBXNativeTarget;
			buildConfigurationList = 875052BB1ED3482100A04704 /* Build configuration list for PBXNativeTarget "BDTestsUnitTestsTests" */;
			buildPhases = (
				92FEDCA12EEA42E7A097E95A /* [CP] Check Pods Manifest.lock */,
				875052A01ED3482100A04704 /* Sources */,
				875052A11ED3482100A04704 /* Frameworks */,
				875052A21ED3482100A04704 /* Resources */,
				3CD01ABC7236AEA9F7EC3FB7 /* [CP] Embed Pods Frameworks */,
				2E306DEDBEB5DBB312DA3055 /* [CP] Copy Pods Resources */,
			);
			buildRules = (
			);
			dependencies = (
				875052A61ED3482100A04704 /* PBXTargetDependency */,
			);
			name = BDTestsUnitTestsTests;
			productName = BDTestsUnitTestsTests;
			productReference = 875052A41ED3482100A04704 /* BDTestsUnitTestsTests.xctest */;
			productType = "com.apple.product-type.bundle.unit-test";
		};
		875052AE1ED3482100A04704 /* BDTestsUnitTestsUITests */ = {
			isa = PBXNativeTarget;
			buildConfigurationList = 875052BE1ED3482100A04704 /* Build configuration list for PBXNativeTarget "BDTestsUnitTestsUITests" */;
			buildPhases = (
				5ACF89712971751D1A55EDC9 /* [CP] Check Pods Manifest.lock */,
				875052AB1ED3482100A04704 /* Sources */,
				875052AC1ED3482100A04704 /* Frameworks */,
				875052AD1ED3482100A04704 /* Resources */,
				DEE69FEA757DF1EEE0DC6DD3 /* [CP] Embed Pods Frameworks */,
				6EFF986CEC116C04B816D6E9 /* [CP] Copy Pods Resources */,
			);
			buildRules = (
			);
			dependencies = (
				875052B11ED3482100A04704 /* PBXTargetDependency */,
			);
			name = BDTestsUnitTestsUITests;
			productName = BDTestsUnitTestsUITests;
			productReference = 875052AF1ED3482100A04704 /* BDTestsUnitTestsUITests.xctest */;
			productType = "com.apple.product-type.bundle.ui-testing";
		};
/* End PBXNativeTarget section */

/* Begin PBXProject section */
		875052881ED3482100A04704 /* Project object */ = {
			isa = PBXProject;
			attributes = {
				LastSwiftUpdateCheck = 0820;
				LastUpgradeCheck = 0820;
				ORGANIZATIONNAME = "Derek Bronston";
				TargetAttributes = {
					8750528F1ED3482100A04704 = {
						CreatedOnToolsVersion = 8.2.1;
						DevelopmentTeam = JG4TU5Z5P9;
						ProvisioningStyle = Automatic;
					};
					875052A31ED3482100A04704 = {
						CreatedOnToolsVersion = 8.2.1;
						LastSwiftMigration = 0820;
						ProvisioningStyle = Automatic;
						TestTargetID = 8750528F1ED3482100A04704;
					};
					875052AE1ED3482100A04704 = {
						CreatedOnToolsVersion = 8.2.1;
						ProvisioningStyle = Automatic;
						TestTargetID = 8750528F1ED3482100A04704;
					};
				};
			};
			buildConfigurationList = 8750528B1ED3482100A04704 /* Build configuration list for PBXProject "BDTestsUnitTests" */;
			compatibilityVersion = "Xcode 3.2";
			developmentRegion = English;
			hasScannedForEncodings = 0;
			knownRegions = (
				en,
				Base,
			);
			mainGroup = 875052871ED3482100A04704;
			productRefGroup = 875052911ED3482100A04704 /* Products */;
			projectDirPath = "";
			projectRoot = "";
			targets = (
				8750528F1ED3482100A04704 /* BDTestsUnitTests */,
				875052A31ED3482100A04704 /* BDTestsUnitTestsTests */,
				875052AE1ED3482100A04704 /* BDTestsUnitTestsUITests */,
			);
		};
/* End PBXProject section */

/* Begin PBXResourcesBuildPhase section */
		8750528E1ED3482100A04704 /* Resources */ = {
			isa = PBXResourcesBuildPhase;
			buildActionMask = 2147483647;
			files = (
				8750529E1ED3482100A04704 /* LaunchScreen.storyboard in Resources */,
				8750529B1ED3482100A04704 /* Assets.xcassets in Resources */,
				875052991ED3482100A04704 /* Main.storyboard in Resources */,
				875052E51ED360ED00A04704 /* .gitkeep in Resources */,
				875052D61ED34CED00A04704 /* test_local_json.json in Resources */,
				875052D51ED34CED00A04704 /* test_data.json in Resources */,
			);
			runOnlyForDeploymentPostprocessing = 0;
		};
		875052A21ED3482100A04704 /* Resources */ = {
			isa = PBXResourcesBuildPhase;
			buildActionMask = 2147483647;
			files = (
			);
			runOnlyForDeploymentPostprocessing = 0;
		};
		875052AD1ED3482100A04704 /* Resources */ = {
			isa = PBXResourcesBuildPhase;
			buildActionMask = 2147483647;
			files = (
			);
			runOnlyForDeploymentPostprocessing = 0;
		};
/* End PBXResourcesBuildPhase section */

/* Begin PBXShellScriptBuildPhase section */
		2E306DEDBEB5DBB312DA3055 /* [CP] Copy Pods Resources */ = {
			isa = PBXShellScriptBuildPhase;
			buildActionMask = 2147483647;
			files = (
			);
			inputPaths = (
			);
			name = "[CP] Copy Pods Resources";
			outputPaths = (
			);
			runOnlyForDeploymentPostprocessing = 0;
			shellPath = /bin/sh;
			shellScript = "\"${SRCROOT}/Pods/Target Support Files/Pods-BDTestsUnitTestsTests/Pods-BDTestsUnitTestsTests-resources.sh\"\n";
			showEnvVarsInLog = 0;
		};
		3CD01ABC7236AEA9F7EC3FB7 /* [CP] Embed Pods Frameworks */ = {
			isa = PBXShellScriptBuildPhase;
			buildActionMask = 2147483647;
			files = (
			);
			inputPaths = (
			);
			name = "[CP] Embed Pods Frameworks";
			outputPaths = (
			);
			runOnlyForDeploymentPostprocessing = 0;
			shellPath = /bin/sh;
			shellScript = "\"${SRCROOT}/Pods/Target Support Files/Pods-BDTestsUnitTestsTests/Pods-BDTestsUnitTestsTests-frameworks.sh\"\n";
			showEnvVarsInLog = 0;
		};
		5ACF89712971751D1A55EDC9 /* [CP] Check Pods Manifest.lock */ = {
			isa = PBXShellScriptBuildPhase;
			buildActionMask = 2147483647;
			files = (
			);
			inputPaths = (
			);
			name = "[CP] Check Pods Manifest.lock";
			outputPaths = (
			);
			runOnlyForDeploymentPostprocessing = 0;
			shellPath = /bin/sh;
			shellScript = "diff \"${PODS_PODFILE_DIR_PATH}/Podfile.lock\" \"${PODS_ROOT}/Manifest.lock\" > /dev/null\nif [ $? != 0 ] ; then\n    # print error to STDERR\n    echo \"error: The sandbox is not in sync with the Podfile.lock. Run 'pod install' or update your CocoaPods installation.\" >&2\n    exit 1\nfi\n";
			showEnvVarsInLog = 0;
		};
		6EFF986CEC116C04B816D6E9 /* [CP] Copy Pods Resources */ = {
			isa = PBXShellScriptBuildPhase;
			buildActionMask = 2147483647;
			files = (
			);
			inputPaths = (
			);
			name = "[CP] Copy Pods Resources";
			outputPaths = (
			);
			runOnlyForDeploymentPostprocessing = 0;
			shellPath = /bin/sh;
			shellScript = "\"${SRCROOT}/Pods/Target Support Files/Pods-BDTestsUnitTestsUITests/Pods-BDTestsUnitTestsUITests-resources.sh\"\n";
			showEnvVarsInLog = 0;
		};
		70BD2800DD64DDD41510391C /* [CP] Embed Pods Frameworks */ = {
			isa = PBXShellScriptBuildPhase;
			buildActionMask = 2147483647;
			files = (
			);
			inputPaths = (
			);
			name = "[CP] Embed Pods Frameworks";
			outputPaths = (
			);
			runOnlyForDeploymentPostprocessing = 0;
			shellPath = /bin/sh;
			shellScript = "\"${SRCROOT}/Pods/Target Support Files/Pods-BDTestsUnitTests/Pods-BDTestsUnitTests-frameworks.sh\"\n";
			showEnvVarsInLog = 0;
		};
		92FEDCA12EEA42E7A097E95A /* [CP] Check Pods Manifest.lock */ = {
			isa = PBXShellScriptBuildPhase;
			buildActionMask = 2147483647;
			files = (
			);
			inputPaths = (
			);
			name = "[CP] Check Pods Manifest.lock";
			outputPaths = (
			);
			runOnlyForDeploymentPostprocessing = 0;
			shellPath = /bin/sh;
			shellScript = "diff \"${PODS_PODFILE_DIR_PATH}/Podfile.lock\" \"${PODS_ROOT}/Manifest.lock\" > /dev/null\nif [ $? != 0 ] ; then\n    # print error to STDERR\n    echo \"error: The sandbox is not in sync with the Podfile.lock. Run 'pod install' or update your CocoaPods installation.\" >&2\n    exit 1\nfi\n";
			showEnvVarsInLog = 0;
		};
		9B697917470D0D389AC8CC3A /* [CP] Check Pods Manifest.lock */ = {
			isa = PBXShellScriptBuildPhase;
			buildActionMask = 2147483647;
			files = (
			);
			inputPaths = (
			);
			name = "[CP] Check Pods Manifest.lock";
			outputPaths = (
			);
			runOnlyForDeploymentPostprocessing = 0;
			shellPath = /bin/sh;
			shellScript = "diff \"${PODS_PODFILE_DIR_PATH}/Podfile.lock\" \"${PODS_ROOT}/Manifest.lock\" > /dev/null\nif [ $? != 0 ] ; then\n    # print error to STDERR\n    echo \"error: The sandbox is not in sync with the Podfile.lock. Run 'pod install' or update your CocoaPods installation.\" >&2\n    exit 1\nfi\n";
			showEnvVarsInLog = 0;
		};
		B171C599A0D8109711FC8F62 /* [CP] Copy Pods Resources */ = {
			isa = PBXShellScriptBuildPhase;
			buildActionMask = 2147483647;
			files = (
			);
			inputPaths = (
			);
			name = "[CP] Copy Pods Resources";
			outputPaths = (
			);
			runOnlyForDeploymentPostprocessing = 0;
			shellPath = /bin/sh;
			shellScript = "\"${SRCROOT}/Pods/Target Support Files/Pods-BDTestsUnitTests/Pods-BDTestsUnitTests-resources.sh\"\n";
			showEnvVarsInLog = 0;
		};
		DEE69FEA757DF1EEE0DC6DD3 /* [CP] Embed Pods Frameworks */ = {
			isa = PBXShellScriptBuildPhase;
			buildActionMask = 2147483647;
			files = (
			);
			inputPaths = (
			);
			name = "[CP] Embed Pods Frameworks";
			outputPaths = (
			);
			runOnlyForDeploymentPostprocessing = 0;
			shellPath = /bin/sh;
			shellScript = "\"${SRCROOT}/Pods/Target Support Files/Pods-BDTestsUnitTestsUITests/Pods-BDTestsUnitTestsUITests-frameworks.sh\"\n";
			showEnvVarsInLog = 0;
		};
/* End PBXShellScriptBuildPhase section */

/* Begin PBXSourcesBuildPhase section */
		8750528C1ED3482100A04704 /* Sources */ = {
			isa = PBXSourcesBuildPhase;
			buildActionMask = 2147483647;
			files = (
				875052961ED3482100A04704 /* ViewController.swift in Sources */,
				875052E71ED360ED00A04704 /* BDTestsEnv.swift in Sources */,
				875052E61ED360ED00A04704 /* BDTests.swift in Sources */,
				875052941ED3482100A04704 /* AppDelegate.swift in Sources */,
				875052E81ED360ED00A04704 /* BDTestsHelper.swift in Sources */,
			);
			runOnlyForDeploymentPostprocessing = 0;
		};
		875052A01ED3482100A04704 /* Sources */ = {
			isa = PBXSourcesBuildPhase;
			buildActionMask = 2147483647;
			files = (
				875052CA1ED348D800A04704 /* BDTestsTests.swift in Sources */,
				875052DC1ED3576700A04704 /* BDTestsEnvTests.swift in Sources */,
			);
			runOnlyForDeploymentPostprocessing = 0;
		};
		875052AB1ED3482100A04704 /* Sources */ = {
			isa = PBXSourcesBuildPhase;
			buildActionMask = 2147483647;
			files = (
				875052B41ED3482100A04704 /* BDTestsUnitTestsUITests.swift in Sources */,
			);
			runOnlyForDeploymentPostprocessing = 0;
		};
/* End PBXSourcesBuildPhase section */

/* Begin PBXTargetDependency section */
		875052A61ED3482100A04704 /* PBXTargetDependency */ = {
			isa = PBXTargetDependency;
			target = 8750528F1ED3482100A04704 /* BDTestsUnitTests */;
			targetProxy = 875052A51ED3482100A04704 /* PBXContainerItemProxy */;
		};
		875052B11ED3482100A04704 /* PBXTargetDependency */ = {
			isa = PBXTargetDependency;
			target = 8750528F1ED3482100A04704 /* BDTestsUnitTests */;
			targetProxy = 875052B01ED3482100A04704 /* PBXContainerItemProxy */;
		};
/* End PBXTargetDependency section */

/* Begin PBXVariantGroup section */
		875052971ED3482100A04704 /* Main.storyboard */ = {
			isa = PBXVariantGroup;
			children = (
				875052981ED3482100A04704 /* Base */,
			);
			name = Main.storyboard;
			sourceTree = "<group>";
		};
		8750529C1ED3482100A04704 /* LaunchScreen.storyboard */ = {
			isa = PBXVariantGroup;
			children = (
				8750529D1ED3482100A04704 /* Base */,
			);
			name = LaunchScreen.storyboard;
			sourceTree = "<group>";
		};
/* End PBXVariantGroup section */

/* Begin XCBuildConfiguration section */
		875052B61ED3482100A04704 /* Debug */ = {
			isa = XCBuildConfiguration;
			buildSettings = {
				ALWAYS_SEARCH_USER_PATHS = NO;
				CLANG_ANALYZER_NONNULL = YES;
				CLANG_CXX_LANGUAGE_STANDARD = "gnu++0x";
				CLANG_CXX_LIBRARY = "libc++";
				CLANG_ENABLE_MODULES = YES;
				CLANG_ENABLE_OBJC_ARC = YES;
				CLANG_WARN_BOOL_CONVERSION = YES;
				CLANG_WARN_CONSTANT_CONVERSION = YES;
				CLANG_WARN_DIRECT_OBJC_ISA_USAGE = YES_ERROR;
				CLANG_WARN_DOCUMENTATION_COMMENTS = YES;
				CLANG_WARN_EMPTY_BODY = YES;
				CLANG_WARN_ENUM_CONVERSION = YES;
				CLANG_WARN_INFINITE_RECURSION = YES;
				CLANG_WARN_INT_CONVERSION = YES;
				CLANG_WARN_OBJC_ROOT_CLASS = YES_ERROR;
				CLANG_WARN_SUSPICIOUS_MOVE = YES;
				CLANG_WARN_UNREACHABLE_CODE = YES;
				CLANG_WARN__DUPLICATE_METHOD_MATCH = YES;
				"CODE_SIGN_IDENTITY[sdk=iphoneos*]" = "iPhone Developer";
				COPY_PHASE_STRIP = NO;
				DEBUG_INFORMATION_FORMAT = dwarf;
				ENABLE_STRICT_OBJC_MSGSEND = YES;
				ENABLE_TESTABILITY = YES;
				GCC_C_LANGUAGE_STANDARD = gnu99;
				GCC_DYNAMIC_NO_PIC = NO;
				GCC_NO_COMMON_BLOCKS = YES;
				GCC_OPTIMIZATION_LEVEL = 0;
				GCC_PREPROCESSOR_DEFINITIONS = (
					"DEBUG=1",
					"$(inherited)",
				);
				GCC_WARN_64_TO_32_BIT_CONVERSION = YES;
				GCC_WARN_ABOUT_RETURN_TYPE = YES_ERROR;
				GCC_WARN_UNDECLARED_SELECTOR = YES;
				GCC_WARN_UNINITIALIZED_AUTOS = YES_AGGRESSIVE;
				GCC_WARN_UNUSED_FUNCTION = YES;
				GCC_WARN_UNUSED_VARIABLE = YES;
				IPHONEOS_DEPLOYMENT_TARGET = 10.2;
				MTL_ENABLE_DEBUG_INFO = YES;
				ONLY_ACTIVE_ARCH = YES;
				SDKROOT = iphoneos;
				SWIFT_ACTIVE_COMPILATION_CONDITIONS = DEBUG;
				SWIFT_OPTIMIZATION_LEVEL = "-Onone";
			};
			name = Debug;
		};
		875052B71ED3482100A04704 /* Release */ = {
			isa = XCBuildConfiguration;
			buildSettings = {
				ALWAYS_SEARCH_USER_PATHS = NO;
				CLANG_ANALYZER_NONNULL = YES;
				CLANG_CXX_LANGUAGE_STANDARD = "gnu++0x";
				CLANG_CXX_LIBRARY = "libc++";
				CLANG_ENABLE_MODULES = YES;
				CLANG_ENABLE_OBJC_ARC = YES;
				CLANG_WARN_BOOL_CONVERSION = YES;
				CLANG_WARN_CONSTANT_CONVERSION = YES;
				CLANG_WARN_DIRECT_OBJC_ISA_USAGE = YES_ERROR;
				CLANG_WARN_DOCUMENTATION_COMMENTS = YES;
				CLANG_WARN_EMPTY_BODY = YES;
				CLANG_WARN_ENUM_CONVERSION = YES;
				CLANG_WARN_INFINITE_RECURSION = YES;
				CLANG_WARN_INT_CONVERSION = YES;
				CLANG_WARN_OBJC_ROOT_CLASS = YES_ERROR;
				CLANG_WARN_SUSPICIOUS_MOVE = YES;
				CLANG_WARN_UNREACHABLE_CODE = YES;
				CLANG_WARN__DUPLICATE_METHOD_MATCH = YES;
				"CODE_SIGN_IDENTITY[sdk=iphoneos*]" = "iPhone Developer";
				COPY_PHASE_STRIP = NO;
				DEBUG_INFORMATION_FORMAT = "dwarf-with-dsym";
				ENABLE_NS_ASSERTIONS = NO;
				ENABLE_STRICT_OBJC_MSGSEND = YES;
				GCC_C_LANGUAGE_STANDARD = gnu99;
				GCC_NO_COMMON_BLOCKS = YES;
				GCC_WARN_64_TO_32_BIT_CONVERSION = YES;
				GCC_WARN_ABOUT_RETURN_TYPE = YES_ERROR;
				GCC_WARN_UNDECLARED_SELECTOR = YES;
				GCC_WARN_UNINITIALIZED_AUTOS = YES_AGGRESSIVE;
				GCC_WARN_UNUSED_FUNCTION = YES;
				GCC_WARN_UNUSED_VARIABLE = YES;
				IPHONEOS_DEPLOYMENT_TARGET = 10.2;
				MTL_ENABLE_DEBUG_INFO = NO;
				SDKROOT = iphoneos;
				SWIFT_OPTIMIZATION_LEVEL = "-Owholemodule";
				VALIDATE_PRODUCT = YES;
			};
			name = Release;
		};
		875052B91ED3482100A04704 /* Debug */ = {
			isa = XCBuildConfiguration;
			baseConfigurationReference = BEFB14F0E765A3E3205B17A4 /* Pods-BDTestsUnitTests.debug.xcconfig */;
			buildSettings = {
				ASSETCATALOG_COMPILER_APPICON_NAME = AppIcon;
				DEVELOPMENT_TEAM = JG4TU5Z5P9;
				INFOPLIST_FILE = BDTestsUnitTests/Info.plist;
				IPHONEOS_DEPLOYMENT_TARGET = 9.0;
				LD_RUNPATH_SEARCH_PATHS = "$(inherited) @executable_path/Frameworks";
				PRODUCT_BUNDLE_IDENTIFIER = com.bytedissident.bdtests.BDTestsUnitTests;
				PRODUCT_NAME = "$(TARGET_NAME)";
				SWIFT_VERSION = 3.0;
			};
			name = Debug;
		};
		875052BA1ED3482100A04704 /* Release */ = {
			isa = XCBuildConfiguration;
			baseConfigurationReference = EDB5F16B3B8C4AA4CB3D60FF /* Pods-BDTestsUnitTests.release.xcconfig */;
			buildSettings = {
				ASSETCATALOG_COMPILER_APPICON_NAME = AppIcon;
				DEVELOPMENT_TEAM = JG4TU5Z5P9;
				INFOPLIST_FILE = BDTestsUnitTests/Info.plist;
				IPHONEOS_DEPLOYMENT_TARGET = 9.0;
				LD_RUNPATH_SEARCH_PATHS = "$(inherited) @executable_path/Frameworks";
				PRODUCT_BUNDLE_IDENTIFIER = com.bytedissident.bdtests.BDTestsUnitTests;
				PRODUCT_NAME = "$(TARGET_NAME)";
				SWIFT_VERSION = 3.0;
			};
			name = Release;
		};
		875052BC1ED3482100A04704 /* Debug */ = {
			isa = XCBuildConfiguration;
			baseConfigurationReference = 728D0265EB100D0AF47FA432 /* Pods-BDTestsUnitTestsTests.debug.xcconfig */;
			buildSettings = {
				ALWAYS_EMBED_SWIFT_STANDARD_LIBRARIES = YES;
				BUNDLE_LOADER = "$(TEST_HOST)";
				CLANG_ENABLE_MODULES = YES;
				INFOPLIST_FILE = BDTestsUnitTestsTests/Info.plist;
				LD_RUNPATH_SEARCH_PATHS = "$(inherited) @executable_path/Frameworks @loader_path/Frameworks";
				PRODUCT_BUNDLE_IDENTIFIER = com.bytedissident.bdtests.BDTestsUnitTestsTests;
				PRODUCT_NAME = "$(TARGET_NAME)";
				SWIFT_OBJC_BRIDGING_HEADER = "BDTestsUnitTestsTests/BDTestsUnitTestsTests-Bridging-Header.h";
				SWIFT_OPTIMIZATION_LEVEL = "-Onone";
				SWIFT_VERSION = 3.0;
				TEST_HOST = "$(BUILT_PRODUCTS_DIR)/BDTestsUnitTests.app/BDTestsUnitTests";
			};
			name = Debug;
		};
		875052BD1ED3482100A04704 /* Release */ = {
			isa = XCBuildConfiguration;
			baseConfigurationReference = 9CFFBF0C40B823CF473B1EDA /* Pods-BDTestsUnitTestsTests.release.xcconfig */;
			buildSettings = {
				ALWAYS_EMBED_SWIFT_STANDARD_LIBRARIES = YES;
				BUNDLE_LOADER = "$(TEST_HOST)";
				CLANG_ENABLE_MODULES = YES;
				INFOPLIST_FILE = BDTestsUnitTestsTests/Info.plist;
				LD_RUNPATH_SEARCH_PATHS = "$(inherited) @executable_path/Frameworks @loader_path/Frameworks";
				PRODUCT_BUNDLE_IDENTIFIER = com.bytedissident.bdtests.BDTestsUnitTestsTests;
				PRODUCT_NAME = "$(TARGET_NAME)";
				SWIFT_OBJC_BRIDGING_HEADER = "BDTestsUnitTestsTests/BDTestsUnitTestsTests-Bridging-Header.h";
				SWIFT_VERSION = 3.0;
				TEST_HOST = "$(BUILT_PRODUCTS_DIR)/BDTestsUnitTests.app/BDTestsUnitTests";
			};
			name = Release;
		};
		875052BF1ED3482100A04704 /* Debug */ = {
			isa = XCBuildConfiguration;
			baseConfigurationReference = 23F224DE5B0EF137414F3A08 /* Pods-BDTestsUnitTestsUITests.debug.xcconfig */;
			buildSettings = {
				ALWAYS_EMBED_SWIFT_STANDARD_LIBRARIES = YES;
				INFOPLIST_FILE = BDTestsUnitTestsUITests/Info.plist;
				LD_RUNPATH_SEARCH_PATHS = "$(inherited) @executable_path/Frameworks @loader_path/Frameworks";
				PRODUCT_BUNDLE_IDENTIFIER = com.bytedissident.bdtests.BDTestsUnitTestsUITests;
				PRODUCT_NAME = "$(TARGET_NAME)";
				SWIFT_VERSION = 3.0;
				TEST_TARGET_NAME = BDTestsUnitTests;
			};
			name = Debug;
		};
		875052C01ED3482100A04704 /* Release */ = {
			isa = XCBuildConfiguration;
			baseConfigurationReference = B0A7C41D297A46B813BB1A89 /* Pods-BDTestsUnitTestsUITests.release.xcconfig */;
			buildSettings = {
				ALWAYS_EMBED_SWIFT_STANDARD_LIBRARIES = YES;
				INFOPLIST_FILE = BDTestsUnitTestsUITests/Info.plist;
				LD_RUNPATH_SEARCH_PATHS = "$(inherited) @executable_path/Frameworks @loader_path/Frameworks";
				PRODUCT_BUNDLE_IDENTIFIER = com.bytedissident.bdtests.BDTestsUnitTestsUITests;
				PRODUCT_NAME = "$(TARGET_NAME)";
				SWIFT_VERSION = 3.0;
				TEST_TARGET_NAME = BDTestsUnitTests;
			};
			name = Release;
		};
/* End XCBuildConfiguration section */

/* Begin XCConfigurationList section */
		8750528B1ED3482100A04704 /* Build configuration list for PBXProject "BDTestsUnitTests" */ = {
			isa = XCConfigurationList;
			buildConfigurations = (
				875052B61ED3482100A04704 /* Debug */,
				875052B71ED3482100A04704 /* Release */,
			);
			defaultConfigurationIsVisible = 0;
			defaultConfigurationName = Release;
		};
		875052B81ED3482100A04704 /* Build configuration list for PBXNativeTarget "BDTestsUnitTests" */ = {
			isa = XCConfigurationList;
			buildConfigurations = (
				875052B91ED3482100A04704 /* Debug */,
				875052BA1ED3482100A04704 /* Release */,
			);
			defaultConfigurationIsVisible = 0;
			defaultConfigurationName = Release;
		};
		875052BB1ED3482100A04704 /* Build configuration list for PBXNativeTarget "BDTestsUnitTestsTests" */ = {
			isa = XCConfigurationList;
			buildConfigurations = (
				875052BC1ED3482100A04704 /* Debug */,
				875052BD1ED3482100A04704 /* Release */,
			);
			defaultConfigurationIsVisible = 0;
			defaultConfigurationName = Release;
		};
		875052BE1ED3482100A04704 /* Build configuration list for PBXNativeTarget "BDTestsUnitTestsUITests" */ = {
			isa = XCConfigurationList;
			buildConfigurations = (
				875052BF1ED3482100A04704 /* Debug */,
				875052C01ED3482100A04704 /* Release */,
			);
			defaultConfigurationIsVisible = 0;
			defaultConfigurationName = Release;
		};
/* End XCConfigurationList section */
	};
	rootObject = 875052881ED3482100A04704 /* Project object */;
}
