// !$*UTF8*$!
{
	archiveVersion = 1;
	classes = {
	};
	objectVersion = 46;
	objects = {

/* Begin PBXBuildFile section */
		2EBC0BF1745E2F11F8FDB7A2 /* Pods_BDTestsExample.framework in Frameworks */ = {isa = PBXBuildFile; fileRef = D7070947347004D96A73EE3B /* Pods_BDTestsExample.framework */; };
		75BB7A2C1CCE0CA0AB0A8601 /* Pods_BDTestsExampleUITests.framework in Frameworks */ = {isa = PBXBuildFile; fileRef = F07148B7A00A732966FCA3A7 /* Pods_BDTestsExampleUITests.framework */; };
		875052F61ED3671100A04704 /* AppDelegate.swift in Sources */ = {isa = PBXBuildFile; fileRef = 875052F51ED3671100A04704 /* AppDelegate.swift */; };
		875052F81ED3671100A04704 /* ViewController.swift in Sources */ = {isa = PBXBuildFile; fileRef = 875052F71ED3671100A04704 /* ViewController.swift */; };
		875052FB1ED3671100A04704 /* Main.storyboard in Resources */ = {isa = PBXBuildFile; fileRef = 875052F91ED3671100A04704 /* Main.storyboard */; };
		875052FD1ED3671100A04704 /* Assets.xcassets in Resources */ = {isa = PBXBuildFile; fileRef = 875052FC1ED3671100A04704 /* Assets.xcassets */; };
		875053001ED3671100A04704 /* LaunchScreen.storyboard in Resources */ = {isa = PBXBuildFile; fileRef = 875052FE1ED3671100A04704 /* LaunchScreen.storyboard */; };
		8750530B1ED3671100A04704 /* BDTestsExampleUITests.swift in Sources */ = {isa = PBXBuildFile; fileRef = 8750530A1ED3671100A04704 /* BDTestsExampleUITests.swift */; };
/* End PBXBuildFile section */

/* Begin PBXContainerItemProxy section */
		875053071ED3671100A04704 /* PBXContainerItemProxy */ = {
			isa = PBXContainerItemProxy;
			containerPortal = 875052EA1ED3671100A04704 /* Project object */;
			proxyType = 1;
			remoteGlobalIDString = 875052F11ED3671100A04704;
			remoteInfo = BDTestsExample;
		};
/* End PBXContainerItemProxy section */

/* Begin PBXFileReference section */
		242F541ABC301D2A609CD3B0 /* Pods-BDTestsExample.release.xcconfig */ = {isa = PBXFileReference; includeInIndex = 1; lastKnownFileType = text.xcconfig; name = "Pods-BDTestsExample.release.xcconfig"; path = "Pods/Target Support Files/Pods-BDTestsExample/Pods-BDTestsExample.release.xcconfig"; sourceTree = "<group>"; };
		42566D223836BD1BCA468E0E /* Pods-BDTestsExampleUITests.debug.xcconfig */ = {isa = PBXFileReference; includeInIndex = 1; lastKnownFileType = text.xcconfig; name = "Pods-BDTestsExampleUITests.debug.xcconfig"; path = "Pods/Target Support Files/Pods-BDTestsExampleUITests/Pods-BDTestsExampleUITests.debug.xcconfig"; sourceTree = "<group>"; };
		875052F21ED3671100A04704 /* BDTestsExample.app */ = {isa = PBXFileReference; explicitFileType = wrapper.application; includeInIndex = 0; path = BDTestsExample.app; sourceTree = BUILT_PRODUCTS_DIR; };
		875052F51ED3671100A04704 /* AppDelegate.swift */ = {isa = PBXFileReference; lastKnownFileType = sourcecode.swift; path = AppDelegate.swift; sourceTree = "<group>"; };
		875052F71ED3671100A04704 /* ViewController.swift */ = {isa = PBXFileReference; lastKnownFileType = sourcecode.swift; path = ViewController.swift; sourceTree = "<group>"; };
		875052FA1ED3671100A04704 /* Base */ = {isa = PBXFileReference; lastKnownFileType = file.storyboard; name = Base; path = Base.lproj/Main.storyboard; sourceTree = "<group>"; };
		875052FC1ED3671100A04704 /* Assets.xcassets */ = {isa = PBXFileReference; lastKnownFileType = folder.assetcatalog; path = Assets.xcassets; sourceTree = "<group>"; };
		875052FF1ED3671100A04704 /* Base */ = {isa = PBXFileReference; lastKnownFileType = file.storyboard; name = Base; path = Base.lproj/LaunchScreen.storyboard; sourceTree = "<group>"; };
		875053011ED3671100A04704 /* Info.plist */ = {isa = PBXFileReference; lastKnownFileType = text.plist.xml; path = Info.plist; sourceTree = "<group>"; };
		875053061ED3671100A04704 /* BDTestsExampleUITests.xctest */ = {isa = PBXFileReference; explicitFileType = wrapper.cfbundle; includeInIndex = 0; path = BDTestsExampleUITests.xctest; sourceTree = BUILT_PRODUCTS_DIR; };
		8750530A1ED3671100A04704 /* BDTestsExampleUITests.swift */ = {isa = PBXFileReference; lastKnownFileType = sourcecode.swift; path = BDTestsExampleUITests.swift; sourceTree = "<group>"; };
		8750530C1ED3671100A04704 /* Info.plist */ = {isa = PBXFileReference; lastKnownFileType = text.plist.xml; path = Info.plist; sourceTree = "<group>"; };
		AABBECBF1BB9BB81C7B8640D /* Pods-BDTestsExampleUITests.release.xcconfig */ = {isa = PBXFileReference; includeInIndex = 1; lastKnownFileType = text.xcconfig; name = "Pods-BDTestsExampleUITests.release.xcconfig"; path = "Pods/Target Support Files/Pods-BDTestsExampleUITests/Pods-BDTestsExampleUITests.release.xcconfig"; sourceTree = "<group>"; };
		D7070947347004D96A73EE3B /* Pods_BDTestsExample.framework */ = {isa = PBXFileReference; explicitFileType = wrapper.framework; includeInIndex = 0; path = Pods_BDTestsExample.framework; sourceTree = BUILT_PRODUCTS_DIR; };
		F07148B7A00A732966FCA3A7 /* Pods_BDTestsExampleUITests.framework */ = {isa = PBXFileReference; explicitFileType = wrapper.framework; includeInIndex = 0; path = Pods_BDTestsExampleUITests.framework; sourceTree = BUILT_PRODUCTS_DIR; };
		F9D111100A3F2D3ACB44CC0B /* Pods-BDTestsExample.debug.xcconfig */ = {isa = PBXFileReference; includeInIndex = 1; lastKnownFileType = text.xcconfig; name = "Pods-BDTestsExample.debug.xcconfig"; path = "Pods/Target Support Files/Pods-BDTestsExample/Pods-BDTestsExample.debug.xcconfig"; sourceTree = "<group>"; };
/* End PBXFileReference section */

/* Begin PBXFrameworksBuildPhase section */
		875052EF1ED3671100A04704 /* Frameworks */ = {
			isa = PBXFrameworksBuildPhase;
			buildActionMask = 2147483647;
			files = (
				2EBC0BF1745E2F11F8FDB7A2 /* Pods_BDTestsExample.framework in Frameworks */,
			);
			runOnlyForDeploymentPostprocessing = 0;
		};
		875053031ED3671100A04704 /* Frameworks */ = {
			isa = PBXFrameworksBuildPhase;
			buildActionMask = 2147483647;
			files = (
				75BB7A2C1CCE0CA0AB0A8601 /* Pods_BDTestsExampleUITests.framework in Frameworks */,
			);
			runOnlyForDeploymentPostprocessing = 0;
		};
/* End PBXFrameworksBuildPhase section */

/* Begin PBXGroup section */
		545DAF8842B42325478A43DF /* Frameworks */ = {
			isa = PBXGroup;
			children = (
				D7070947347004D96A73EE3B /* Pods_BDTestsExample.framework */,
				F07148B7A00A732966FCA3A7 /* Pods_BDTestsExampleUITests.framework */,
			);
			name = Frameworks;
			sourceTree = "<group>";
		};
		6C947924E08D909B80A76BF0 /* Pods */ = {
			isa = PBXGroup;
			children = (
				F9D111100A3F2D3ACB44CC0B /* Pods-BDTestsExample.debug.xcconfig */,
				242F541ABC301D2A609CD3B0 /* Pods-BDTestsExample.release.xcconfig */,
				42566D223836BD1BCA468E0E /* Pods-BDTestsExampleUITests.debug.xcconfig */,
				AABBECBF1BB9BB81C7B8640D /* Pods-BDTestsExampleUITests.release.xcconfig */,
			);
			name = Pods;
			sourceTree = "<group>";
		};
		875052E91ED3671100A04704 = {
			isa = PBXGroup;
			children = (
				875052F41ED3671100A04704 /* BDTestsExample */,
				875053091ED3671100A04704 /* BDTestsExampleUITests */,
				875052F31ED3671100A04704 /* Products */,
				6C947924E08D909B80A76BF0 /* Pods */,
				545DAF8842B42325478A43DF /* Frameworks */,
			);
			sourceTree = "<group>";
		};
		875052F31ED3671100A04704 /* Products */ = {
			isa = PBXGroup;
			children = (
				875052F21ED3671100A04704 /* BDTestsExample.app */,
				875053061ED3671100A04704 /* BDTestsExampleUITests.xctest */,
			);
			name = Products;
			sourceTree = "<group>";
		};
		875052F41ED3671100A04704 /* BDTestsExample */ = {
			isa = PBXGroup;
			children = (
				875052F51ED3671100A04704 /* AppDelegate.swift */,
				875052F71ED3671100A04704 /* ViewController.swift */,
				875052F91ED3671100A04704 /* Main.storyboard */,
				875052FC1ED3671100A04704 /* Assets.xcassets */,
				875052FE1ED3671100A04704 /* LaunchScreen.storyboard */,
				875053011ED3671100A04704 /* Info.plist */,
			);
			path = BDTestsExample;
			sourceTree = "<group>";
		};
		875053091ED3671100A04704 /* BDTestsExampleUITests */ = {
			isa = PBXGroup;
			children = (
				8750530A1ED3671100A04704 /* BDTestsExampleUITests.swift */,
				8750530C1ED3671100A04704 /* Info.plist */,
			);
			path = BDTestsExampleUITests;
			sourceTree = "<group>";
		};
/* End PBXGroup section */

/* Begin PBXNativeTarget section */
		875052F11ED3671100A04704 /* BDTestsExample */ = {
			isa = PBXNativeTarget;
			buildConfigurationList = 8750530F1ED3671100A04704 /* Build configuration list for PBXNativeTarget "BDTestsExample" */;
			buildPhases = (
				DF8D415BE6FBB0A67E7A8FBD /* [CP] Check Pods Manifest.lock */,
				875052EE1ED3671100A04704 /* Sources */,
				875052EF1ED3671100A04704 /* Frameworks */,
				875052F01ED3671100A04704 /* Resources */,
				6E1A34F920CD045DA0DD5414 /* [CP] Embed Pods Frameworks */,
				2F32AB02096CE99DD9BB7025 /* [CP] Copy Pods Resources */,
			);
			buildRules = (
			);
			dependencies = (
			);
			name = BDTestsExample;
			productName = BDTestsExample;
			productReference = 875052F21ED3671100A04704 /* BDTestsExample.app */;
			productType = "com.apple.product-type.application";
		};
		875053051ED3671100A04704 /* BDTestsExampleUITests */ = {
			isa = PBXNativeTarget;
			buildConfigurationList = 875053121ED3671100A04704 /* Build configuration list for PBXNativeTarget "BDTestsExampleUITests" */;
			buildPhases = (
				7ABAF048C1FA8E4D6756ED78 /* [CP] Check Pods Manifest.lock */,
				875053021ED3671100A04704 /* Sources */,
				875053031ED3671100A04704 /* Frameworks */,
				875053041ED3671100A04704 /* Resources */,
				69C78190A73C10D01FDDB09F /* [CP] Embed Pods Frameworks */,
				8611D01651D3273232A85DEE /* [CP] Copy Pods Resources */,
			);
			buildRules = (
			);
			dependencies = (
				875053081ED3671100A04704 /* PBXTargetDependency */,
			);
			name = BDTestsExampleUITests;
			productName = BDTestsExampleUITests;
			productReference = 875053061ED3671100A04704 /* BDTestsExampleUITests.xctest */;
			productType = "com.apple.product-type.bundle.ui-testing";
		};
/* End PBXNativeTarget section */

/* Begin PBXProject section */
		875052EA1ED3671100A04704 /* Project object */ = {
			isa = PBXProject;
			attributes = {
				LastSwiftUpdateCheck = 0820;
				LastUpgradeCheck = 0820;
				ORGANIZATIONNAME = "Derek Bronston";
				TargetAttributes = {
					875052F11ED3671100A04704 = {
						CreatedOnToolsVersion = 8.2.1;
						ProvisioningStyle = Automatic;
					};
					875053051ED3671100A04704 = {
						CreatedOnToolsVersion = 8.2.1;
						ProvisioningStyle = Automatic;
						TestTargetID = 875052F11ED3671100A04704;
					};
				};
			};
			buildConfigurationList = 875052ED1ED3671100A04704 /* Build configuration list for PBXProject "BDTestsExample" */;
			compatibilityVersion = "Xcode 3.2";
			developmentRegion = English;
			hasScannedForEncodings = 0;
			knownRegions = (
				en,
				Base,
			);
			mainGroup = 875052E91ED3671100A04704;
			productRefGroup = 875052F31ED3671100A04704 /* Products */;
			projectDirPath = "";
			projectRoot = "";
			targets = (
				875052F11ED3671100A04704 /* BDTestsExample */,
				875053051ED3671100A04704 /* BDTestsExampleUITests */,
			);
		};
/* End PBXProject section */

/* Begin PBXResourcesBuildPhase section */
		875052F01ED3671100A04704 /* Resources */ = {
			isa = PBXResourcesBuildPhase;
			buildActionMask = 2147483647;
			files = (
				875053001ED3671100A04704 /* LaunchScreen.storyboard in Resources */,
				875052FD1ED3671100A04704 /* Assets.xcassets in Resources */,
				875052FB1ED3671100A04704 /* Main.storyboard in Resources */,
			);
			runOnlyForDeploymentPostprocessing = 0;
		};
		875053041ED3671100A04704 /* Resources */ = {
			isa = PBXResourcesBuildPhase;
			buildActionMask = 2147483647;
			files = (
			);
			runOnlyForDeploymentPostprocessing = 0;
		};
/* End PBXResourcesBuildPhase section */

/* Begin PBXShellScriptBuildPhase section */
		2F32AB02096CE99DD9BB7025 /* [CP] Copy Pods Resources */ = {
			isa = PBXShellScriptBuildPhase;
			buildActionMask = 2147483647;
			files = (
			);
			inputPaths = (
			);
			name = "[CP] Copy Pods Resources";
			outputPaths = (
			);
			runOnlyForDeploymentPostprocessing = 0;
			shellPath = /bin/sh;
			shellScript = "\"${SRCROOT}/Pods/Target Support Files/Pods-BDTestsExample/Pods-BDTestsExample-resources.sh\"\n";
			showEnvVarsInLog = 0;
		};
		69C78190A73C10D01FDDB09F /* [CP] Embed Pods Frameworks */ = {
			isa = PBXShellScriptBuildPhase;
			buildActionMask = 2147483647;
			files = (
			);
			inputPaths = (
			);
			name = "[CP] Embed Pods Frameworks";
			outputPaths = (
			);
			runOnlyForDeploymentPostprocessing = 0;
			shellPath = /bin/sh;
			shellScript = "\"${SRCROOT}/Pods/Target Support Files/Pods-BDTestsExampleUITests/Pods-BDTestsExampleUITests-frameworks.sh\"\n";
			showEnvVarsInLog = 0;
		};
		6E1A34F920CD045DA0DD5414 /* [CP] Embed Pods Frameworks */ = {
			isa = PBXShellScriptBuildPhase;
			buildActionMask = 2147483647;
			files = (
			);
			inputPaths = (
			);
			name = "[CP] Embed Pods Frameworks";
			outputPaths = (
			);
			runOnlyForDeploymentPostprocessing = 0;
			shellPath = /bin/sh;
			shellScript = "\"${SRCROOT}/Pods/Target Support Files/Pods-BDTestsExample/Pods-BDTestsExample-frameworks.sh\"\n";
			showEnvVarsInLog = 0;
		};
		7ABAF048C1FA8E4D6756ED78 /* [CP] Check Pods Manifest.lock */ = {
			isa = PBXShellScriptBuildPhase;
			buildActionMask = 2147483647;
			files = (
			);
			inputPaths = (
			);
			name = "[CP] Check Pods Manifest.lock";
			outputPaths = (
			);
			runOnlyForDeploymentPostprocessing = 0;
			shellPath = /bin/sh;
			shellScript = "diff \"${PODS_PODFILE_DIR_PATH}/Podfile.lock\" \"${PODS_ROOT}/Manifest.lock\" > /dev/null\nif [ $? != 0 ] ; then\n    # print error to STDERR\n    echo \"error: The sandbox is not in sync with the Podfile.lock. Run 'pod install' or update your CocoaPods installation.\" >&2\n    exit 1\nfi\n";
			showEnvVarsInLog = 0;
		};
		8611D01651D3273232A85DEE /* [CP] Copy Pods Resources */ = {
			isa = PBXShellScriptBuildPhase;
			buildActionMask = 2147483647;
			files = (
			);
			inputPaths = (
			);
			name = "[CP] Copy Pods Resources";
			outputPaths = (
			);
			runOnlyForDeploymentPostprocessing = 0;
			shellPath = /bin/sh;
			shellScript = "\"${SRCROOT}/Pods/Target Support Files/Pods-BDTestsExampleUITests/Pods-BDTestsExampleUITests-resources.sh\"\n";
			showEnvVarsInLog = 0;
		};
		DF8D415BE6FBB0A67E7A8FBD /* [CP] Check Pods Manifest.lock */ = {
			isa = PBXShellScriptBuildPhase;
			buildActionMask = 2147483647;
			files = (
			);
			inputPaths = (
			);
			name = "[CP] Check Pods Manifest.lock";
			outputPaths = (
			);
			runOnlyForDeploymentPostprocessing = 0;
			shellPath = /bin/sh;
			shellScript = "diff \"${PODS_PODFILE_DIR_PATH}/Podfile.lock\" \"${PODS_ROOT}/Manifest.lock\" > /dev/null\nif [ $? != 0 ] ; then\n    # print error to STDERR\n    echo \"error: The sandbox is not in sync with the Podfile.lock. Run 'pod install' or update your CocoaPods installation.\" >&2\n    exit 1\nfi\n";
			showEnvVarsInLog = 0;
		};
/* End PBXShellScriptBuildPhase section */

/* Begin PBXSourcesBuildPhase section */
		875052EE1ED3671100A04704 /* Sources */ = {
			isa = PBXSourcesBuildPhase;
			buildActionMask = 2147483647;
			files = (
				875052F81ED3671100A04704 /* ViewController.swift in Sources */,
				875052F61ED3671100A04704 /* AppDelegate.swift in Sources */,
			);
			runOnlyForDeploymentPostprocessing = 0;
		};
		875053021ED3671100A04704 /* Sources */ = {
			isa = PBXSourcesBuildPhase;
			buildActionMask = 2147483647;
			files = (
				8750530B1ED3671100A04704 /* BDTestsExampleUITests.swift in Sources */,
			);
			runOnlyForDeploymentPostprocessing = 0;
		};
/* End PBXSourcesBuildPhase section */

/* Begin PBXTargetDependency section */
		875053081ED3671100A04704 /* PBXTargetDependency */ = {
			isa = PBXTargetDependency;
			target = 875052F11ED3671100A04704 /* BDTestsExample */;
			targetProxy = 875053071ED3671100A04704 /* PBXContainerItemProxy */;
		};
/* End PBXTargetDependency section */

/* Begin PBXVariantGroup section */
		875052F91ED3671100A04704 /* Main.storyboard */ = {
			isa = PBXVariantGroup;
			children = (
				875052FA1ED3671100A04704 /* Base */,
			);
			name = Main.storyboard;
			sourceTree = "<group>";
		};
		875052FE1ED3671100A04704 /* LaunchScreen.storyboard */ = {
			isa = PBXVariantGroup;
			children = (
				875052FF1ED3671100A04704 /* Base */,
			);
			name = LaunchScreen.storyboard;
			sourceTree = "<group>";
		};
/* End PBXVariantGroup section */

/* Begin XCBuildConfiguration section */
		8750530D1ED3671100A04704 /* Debug */ = {
			isa = XCBuildConfiguration;
			buildSettings = {
				ALWAYS_SEARCH_USER_PATHS = NO;
				CLANG_ANALYZER_NONNULL = YES;
				CLANG_CXX_LANGUAGE_STANDARD = "gnu++0x";
				CLANG_CXX_LIBRARY = "libc++";
				CLANG_ENABLE_MODULES = YES;
				CLANG_ENABLE_OBJC_ARC = YES;
				CLANG_WARN_BOOL_CONVERSION = YES;
				CLANG_WARN_CONSTANT_CONVERSION = YES;
				CLANG_WARN_DIRECT_OBJC_ISA_USAGE = YES_ERROR;
				CLANG_WARN_DOCUMENTATION_COMMENTS = YES;
				CLANG_WARN_EMPTY_BODY = YES;
				CLANG_WARN_ENUM_CONVERSION = YES;
				CLANG_WARN_INFINITE_RECURSION = YES;
				CLANG_WARN_INT_CONVERSION = YES;
				CLANG_WARN_OBJC_ROOT_CLASS = YES_ERROR;
				CLANG_WARN_SUSPICIOUS_MOVE = YES;
				CLANG_WARN_UNREACHABLE_CODE = YES;
				CLANG_WARN__DUPLICATE_METHOD_MATCH = YES;
				"CODE_SIGN_IDENTITY[sdk=iphoneos*]" = "iPhone Developer";
				COPY_PHASE_STRIP = NO;
				DEBUG_INFORMATION_FORMAT = dwarf;
				ENABLE_STRICT_OBJC_MSGSEND = YES;
				ENABLE_TESTABILITY = YES;
				GCC_C_LANGUAGE_STANDARD = gnu99;
				GCC_DYNAMIC_NO_PIC = NO;
				GCC_NO_COMMON_BLOCKS = YES;
				GCC_OPTIMIZATION_LEVEL = 0;
				GCC_PREPROCESSOR_DEFINITIONS = (
					"DEBUG=1",
					"$(inherited)",
				);
				GCC_WARN_64_TO_32_BIT_CONVERSION = YES;
				GCC_WARN_ABOUT_RETURN_TYPE = YES_ERROR;
				GCC_WARN_UNDECLARED_SELECTOR = YES;
				GCC_WARN_UNINITIALIZED_AUTOS = YES_AGGRESSIVE;
				GCC_WARN_UNUSED_FUNCTION = YES;
				GCC_WARN_UNUSED_VARIABLE = YES;
				IPHONEOS_DEPLOYMENT_TARGET = 10.2;
				MTL_ENABLE_DEBUG_INFO = YES;
				ONLY_ACTIVE_ARCH = YES;
				SDKROOT = iphoneos;
				SWIFT_ACTIVE_COMPILATION_CONDITIONS = DEBUG;
				SWIFT_OPTIMIZATION_LEVEL = "-Onone";
			};
			name = Debug;
		};
		8750530E1ED3671100A04704 /* Release */ = {
			isa = XCBuildConfiguration;
			buildSettings = {
				ALWAYS_SEARCH_USER_PATHS = NO;
				CLANG_ANALYZER_NONNULL = YES;
				CLANG_CXX_LANGUAGE_STANDARD = "gnu++0x";
				CLANG_CXX_LIBRARY = "libc++";
				CLANG_ENABLE_MODULES = YES;
				CLANG_ENABLE_OBJC_ARC = YES;
				CLANG_WARN_BOOL_CONVERSION = YES;
				CLANG_WARN_CONSTANT_CONVERSION = YES;
				CLANG_WARN_DIRECT_OBJC_ISA_USAGE = YES_ERROR;
				CLANG_WARN_DOCUMENTATION_COMMENTS = YES;
				CLANG_WARN_EMPTY_BODY = YES;
				CLANG_WARN_ENUM_CONVERSION = YES;
				CLANG_WARN_INFINITE_RECURSION = YES;
				CLANG_WARN_INT_CONVERSION = YES;
				CLANG_WARN_OBJC_ROOT_CLASS = YES_ERROR;
				CLANG_WARN_SUSPICIOUS_MOVE = YES;
				CLANG_WARN_UNREACHABLE_CODE = YES;
				CLANG_WARN__DUPLICATE_METHOD_MATCH = YES;
				"CODE_SIGN_IDENTITY[sdk=iphoneos*]" = "iPhone Developer";
				COPY_PHASE_STRIP = NO;
				DEBUG_INFORMATION_FORMAT = "dwarf-with-dsym";
				ENABLE_NS_ASSERTIONS = NO;
				ENABLE_STRICT_OBJC_MSGSEND = YES;
				GCC_C_LANGUAGE_STANDARD = gnu99;
				GCC_NO_COMMON_BLOCKS = YES;
				GCC_WARN_64_TO_32_BIT_CONVERSION = YES;
				GCC_WARN_ABOUT_RETURN_TYPE = YES_ERROR;
				GCC_WARN_UNDECLARED_SELECTOR = YES;
				GCC_WARN_UNINITIALIZED_AUTOS = YES_AGGRESSIVE;
				GCC_WARN_UNUSED_FUNCTION = YES;
				GCC_WARN_UNUSED_VARIABLE = YES;
				IPHONEOS_DEPLOYMENT_TARGET = 10.2;
				MTL_ENABLE_DEBUG_INFO = NO;
				SDKROOT = iphoneos;
				SWIFT_OPTIMIZATION_LEVEL = "-Owholemodule";
				VALIDATE_PRODUCT = YES;
			};
			name = Release;
		};
		875053101ED3671100A04704 /* Debug */ = {
			isa = XCBuildConfiguration;
			baseConfigurationReference = F9D111100A3F2D3ACB44CC0B /* Pods-BDTestsExample.debug.xcconfig */;
			buildSettings = {
				ASSETCATALOG_COMPILER_APPICON_NAME = AppIcon;
				INFOPLIST_FILE = BDTestsExample/Info.plist;
				LD_RUNPATH_SEARCH_PATHS = "$(inherited) @executable_path/Frameworks";
				PRODUCT_BUNDLE_IDENTIFIER = com.bytedissident.bdtests.BDTestsExample;
				PRODUCT_NAME = "$(TARGET_NAME)";
				SWIFT_VERSION = 3.0;
			};
			name = Debug;
		};
		875053111ED3671100A04704 /* Release */ = {
			isa = XCBuildConfiguration;
			baseConfigurationReference = 242F541ABC301D2A609CD3B0 /* Pods-BDTestsExample.release.xcconfig */;
			buildSettings = {
				ASSETCATALOG_COMPILER_APPICON_NAME = AppIcon;
				INFOPLIST_FILE = BDTestsExample/Info.plist;
				LD_RUNPATH_SEARCH_PATHS = "$(inherited) @executable_path/Frameworks";
				PRODUCT_BUNDLE_IDENTIFIER = com.bytedissident.bdtests.BDTestsExample;
				PRODUCT_NAME = "$(TARGET_NAME)";
				SWIFT_VERSION = 3.0;
			};
			name = Release;
		};
		875053131ED3671100A04704 /* Debug */ = {
			isa = XCBuildConfiguration;
			baseConfigurationReference = 42566D223836BD1BCA468E0E /* Pods-BDTestsExampleUITests.debug.xcconfig */;
			buildSettings = {
				ALWAYS_EMBED_SWIFT_STANDARD_LIBRARIES = YES;
				INFOPLIST_FILE = BDTestsExampleUITests/Info.plist;
				LD_RUNPATH_SEARCH_PATHS = "$(inherited) @executable_path/Frameworks @loader_path/Frameworks";
				PRODUCT_BUNDLE_IDENTIFIER = com.bytedissident.bdtests.BDTestsExampleUITests;
				PRODUCT_NAME = "$(TARGET_NAME)";
				SWIFT_VERSION = 3.0;
				TEST_TARGET_NAME = BDTestsExample;
			};
			name = Debug;
		};
		875053141ED3671100A04704 /* Release */ = {
			isa = XCBuildConfiguration;
			baseConfigurationReference = AABBECBF1BB9BB81C7B8640D /* Pods-BDTestsExampleUITests.release.xcconfig */;
			buildSettings = {
				ALWAYS_EMBED_SWIFT_STANDARD_LIBRARIES = YES;
				INFOPLIST_FILE = BDTestsExampleUITests/Info.plist;
				LD_RUNPATH_SEARCH_PATHS = "$(inherited) @executable_path/Frameworks @loader_path/Frameworks";
				PRODUCT_BUNDLE_IDENTIFIER = com.bytedissident.bdtests.BDTestsExampleUITests;
				PRODUCT_NAME = "$(TARGET_NAME)";
				SWIFT_VERSION = 3.0;
				TEST_TARGET_NAME = BDTestsExample;
			};
			name = Release;
		};
/* End XCBuildConfiguration section */

/* Begin XCConfigurationList section */
		875052ED1ED3671100A04704 /* Build configuration list for PBXProject "BDTestsExample" */ = {
			isa = XCConfigurationList;
			buildConfigurations = (
				8750530D1ED3671100A04704 /* Debug */,
				8750530E1ED3671100A04704 /* Release */,
			);
			defaultConfigurationIsVisible = 0;
			defaultConfigurationName = Release;
		};
		8750530F1ED3671100A04704 /* Build configuration list for PBXNativeTarget "BDTestsExample" */ = {
			isa = XCConfigurationList;
			buildConfigurations = (
				875053101ED3671100A04704 /* Debug */,
				875053111ED3671100A04704 /* Release */,
			);
			defaultConfigurationIsVisible = 0;
		};
		875053121ED3671100A04704 /* Build configuration list for PBXNativeTarget "BDTestsExampleUITests" */ = {
			isa = XCConfigurationList;
			buildConfigurations = (
				875053131ED3671100A04704 /* Debug */,
				875053141ED3671100A04704 /* Release */,
			);
			defaultConfigurationIsVisible = 0;
		};
/* End XCConfigurationList section */
	};
	rootObject = 875052EA1ED3671100A04704 /* Project object */;
}
